
Microsoft Visual Studio Solution File, Format Version 12.00
# Visual Studio Version 16
VisualStudioVersion = 16.0.30804.86
MinimumVisualStudioVersion = 10.0.40219.1
Project("{FAE04EC0-301F-11D3-BF4B-00C04F79EFBC}") = "farty", "farty\farty.csproj", "{3987C6D6-54C2-4CD8-AE46-E07C46F7CFF9}"
EndProject
Global
	GlobalSection(SolutionConfigurationPlatforms) = preSolution
		Debug|Any CPU = Debug|Any CPU
		Release|Any CPU = Release|Any CPU
	EndGlobalSection
	GlobalSection(ProjectConfigurationPlatforms) = postSolution
		{3987C6D6-54C2-4CD8-AE46-E07C46F7CFF9}.Debug|Any CPU.ActiveCfg = Debug|Any CPU
		{3987C6D6-54C2-4CD8-AE46-E07C46F7CFF9}.Debug|Any CPU.Build.0 = Debug|Any CPU
		{3987C6D6-54C2-4CD8-AE46-E07C46F7CFF9}.Release|Any CPU.ActiveCfg = Release|Any CPU
		{3987C6D6-54C2-4CD8-AE46-E07C46F7CFF9}.Release|Any CPU.Build.0 = Release|Any CPU
	EndGlobalSection
	GlobalSection(SolutionProperties) = preSolution
		HideSolutionNode = FALSE
	EndGlobalSection
	GlobalSection(ExtensibilityGlobals) = postSolution
		SolutionGuid = {189213BF-6987-47C6-872D-69FF6AD3F4C0}
	EndGlobalSection
EndGlobal
